
Microsoft Visual Studio Solution File, Format Version 12.00
# Visual Studio Version 16
VisualStudioVersion = 16.0.29306.81
MinimumVisualStudioVersion = 10.0.40219.1
Project("{FAE04EC0-301F-11D3-BF4B-00C04F79EFBC}") = "lab10", "lab10.csproj", "{96273E4B-0AD7-46E5-8712-07F259421C3F}"
EndProject
Global
	GlobalSection(SolutionConfigurationPlatforms) = preSolution
		Debug|Any CPU = Debug|Any CPU
		Release|Any CPU = Release|Any CPU
	EndGlobalSection
	GlobalSection(ProjectConfigurationPlatforms) = postSolution
		{96273E4B-0AD7-46E5-8712-07F259421C3F}.Debug|Any CPU.ActiveCfg = Debug|Any CPU
		{96273E4B-0AD7-46E5-8712-07F259421C3F}.Debug|Any CPU.Build.0 = Debug|Any CPU
		{96273E4B-0AD7-46E5-8712-07F259421C3F}.Release|Any CPU.ActiveCfg = Release|Any CPU
		{96273E4B-0AD7-46E5-8712-07F259421C3F}.Release|Any CPU.Build.0 = Release|Any CPU
	EndGlobalSection
	GlobalSection(SolutionProperties) = preSolution
		HideSolutionNode = FALSE
	EndGlobalSection
	GlobalSection(ExtensibilityGlobals) = postSolution
		SolutionGuid = {39A5E184-297A-411C-BC03-4D490FC46905}
	EndGlobalSection
EndGlobal
